// !$*UTF8*$!
{
	archiveVersion = 1;
	classes = {
	};
	objectVersion = 46;
	objects = {

/* Begin PBXBuildFile section */
		3A1054EA1E8B104800F2167D /* AppDelegate.swift in Sources */ = {isa = PBXBuildFile; fileRef = 3A1054E91E8B104800F2167D /* AppDelegate.swift */; };
		3A1054EC1E8B104800F2167D /* MusicViewController.swift in Sources */ = {isa = PBXBuildFile; fileRef = 3A1054EB1E8B104800F2167D /* MusicViewController.swift */; };
		3A1054EF1E8B104800F2167D /* Main.storyboard in Resources */ = {isa = PBXBuildFile; fileRef = 3A1054ED1E8B104800F2167D /* Main.storyboard */; };
		3A1054F11E8B104800F2167D /* Assets.xcassets in Resources */ = {isa = PBXBuildFile; fileRef = 3A1054F01E8B104800F2167D /* Assets.xcassets */; };
		3A1054F41E8B104800F2167D /* LaunchScreen.storyboard in Resources */ = {isa = PBXBuildFile; fileRef = 3A1054F21E8B104800F2167D /* LaunchScreen.storyboard */; };
		3A1055021E8B223F00F2167D /* Spotify.swift in Sources */ = {isa = PBXBuildFile; fileRef = 3A1055001E8B223F00F2167D /* Spotify.swift */; };
		3A1055041E8B229D00F2167D /* Model.swift in Sources */ = {isa = PBXBuildFile; fileRef = 3A1055031E8B229D00F2167D /* Model.swift */; };
		3ACC3BF01E8B3ABC0044CD7B /* AudioController.swift in Sources */ = {isa = PBXBuildFile; fileRef = 3ACC3BEF1E8B3ABC0044CD7B /* AudioController.swift */; };
		3ACC3BF31E8B3ADA0044CD7B /* AVFoundation.framework in Frameworks */ = {isa = PBXBuildFile; fileRef = 3ACC3BF21E8B3ADA0044CD7B /* AVFoundation.framework */; };
/* End PBXBuildFile section */

/* Begin PBXFileReference section */
		3A1054E61E8B104800F2167D /* music_player.app */ = {isa = PBXFileReference; explicitFileType = wrapper.application; includeInIndex = 0; path = music_player.app; sourceTree = BUILT_PRODUCTS_DIR; };
		3A1054E91E8B104800F2167D /* AppDelegate.swift */ = {isa = PBXFileReference; lastKnownFileType = sourcecode.swift; path = AppDelegate.swift; sourceTree = "<group>"; };
		3A1054EB1E8B104800F2167D /* MusicViewController.swift */ = {isa = PBXFileReference; lastKnownFileType = sourcecode.swift; path = MusicViewController.swift; sourceTree = "<group>"; };
		3A1054EE1E8B104800F2167D /* Base */ = {isa = PBXFileReference; lastKnownFileType = file.storyboard; name = Base; path = Base.lproj/Main.storyboard; sourceTree = "<group>"; };
		3A1054F01E8B104800F2167D /* Assets.xcassets */ = {isa = PBXFileReference; lastKnownFileType = folder.assetcatalog; path = Assets.xcassets; sourceTree = "<group>"; };
		3A1054F31E8B104800F2167D /* Base */ = {isa = PBXFileReference; lastKnownFileType = file.storyboard; name = Base; path = Base.lproj/LaunchScreen.storyboard; sourceTree = "<group>"; };
		3A1054F51E8B104800F2167D /* Info.plist */ = {isa = PBXFileReference; lastKnownFileType = text.plist.xml; path = Info.plist; sourceTree = "<group>"; };
		3A1055001E8B223F00F2167D /* Spotify.swift */ = {isa = PBXFileReference; fileEncoding = 4; lastKnownFileType = sourcecode.swift; path = Spotify.swift; sourceTree = "<group>"; };
		3A1055031E8B229D00F2167D /* Model.swift */ = {isa = PBXFileReference; fileEncoding = 4; lastKnownFileType = sourcecode.swift; path = Model.swift; sourceTree = "<group>"; };
		3ACC3BEF1E8B3ABC0044CD7B /* AudioController.swift */ = {isa = PBXFileReference; fileEncoding = 4; lastKnownFileType = sourcecode.swift; path = AudioController.swift; sourceTree = "<group>"; };
		3ACC3BF21E8B3ADA0044CD7B /* AVFoundation.framework */ = {isa = PBXFileReference; lastKnownFileType = wrapper.framework; name = AVFoundation.framework; path = System/Library/Frameworks/AVFoundation.framework; sourceTree = SDKROOT; };
/* End PBXFileReference section */

/* Begin PBXFrameworksBuildPhase section */
		3A1054E31E8B104800F2167D /* Frameworks */ = {
			isa = PBXFrameworksBuildPhase;
			buildActionMask = 2147483647;
			files = (
				3ACC3BF31E8B3ADA0044CD7B /* AVFoundation.framework in Frameworks */,
			);
			runOnlyForDeploymentPostprocessing = 0;
		};
/* End PBXFrameworksBuildPhase section */

/* Begin PBXGroup section */
		3A1054DD1E8B104800F2167D = {
			isa = PBXGroup;
			children = (
				3A1054E81E8B104800F2167D /* music_player */,
				3A1054E71E8B104800F2167D /* Products */,
				3ACC3BF11E8B3ADA0044CD7B /* Frameworks */,
			);
			sourceTree = "<group>";
		};
		3A1054E71E8B104800F2167D /* Products */ = {
			isa = PBXGroup;
			children = (
				3A1054E61E8B104800F2167D /* music_player.app */,
			);
			name = Products;
			sourceTree = "<group>";
		};
		3A1054E81E8B104800F2167D /* music_player */ = {
			isa = PBXGroup;
			children = (
				3A1054E91E8B104800F2167D /* AppDelegate.swift */,
				3A1054EB1E8B104800F2167D /* MusicViewController.swift */,
				3A1055001E8B223F00F2167D /* Spotify.swift */,
				3A1055031E8B229D00F2167D /* Model.swift */,
				3ACC3BEF1E8B3ABC0044CD7B /* AudioController.swift */,
				3A1054ED1E8B104800F2167D /* Main.storyboard */,
				3A1054F01E8B104800F2167D /* Assets.xcassets */,
				3A1054F21E8B104800F2167D /* LaunchScreen.storyboard */,
				3A1054F51E8B104800F2167D /* Info.plist */,
			);
			path = music_player;
			sourceTree = "<group>";
		};
		3ACC3BF11E8B3ADA0044CD7B /* Frameworks */ = {
			isa = PBXGroup;
			children = (
				3ACC3BF21E8B3ADA0044CD7B /* AVFoundation.framework */,
			);
			name = Frameworks;
			sourceTree = "<group>";
		};
/* End PBXGroup section */

/* Begin PBXNativeTarget section */
		3A1054E51E8B104800F2167D /* music_player */ = {
			isa = PBXNativeTarget;
			buildConfigurationList = 3A1054F81E8B104800F2167D /* Build configuration list for PBXNativeTarget "music_player" */;
			buildPhases = (
				3A1054E21E8B104800F2167D /* Sources */,
				3A1054E31E8B104800F2167D /* Frameworks */,
				3A1054E41E8B104800F2167D /* Resources */,
			);
			buildRules = (
			);
			dependencies = (
			);
			name = music_player;
			productName = music_player;
			productReference = 3A1054E61E8B104800F2167D /* music_player.app */;
			productType = "com.apple.product-type.application";
		};
/* End PBXNativeTarget section */

/* Begin PBXProject section */
		3A1054DE1E8B104800F2167D /* Project object */ = {
			isa = PBXProject;
			attributes = {
				LastSwiftUpdateCheck = 0820;
				LastUpgradeCheck = 0820;
				ORGANIZATIONNAME = yulz;
				TargetAttributes = {
					3A1054E51E8B104800F2167D = {
						CreatedOnToolsVersion = 8.2.1;
						ProvisioningStyle = Automatic;
						SystemCapabilities = {
							com.apple.BackgroundModes = {
								enabled = 1;
							};
						};
					};
				};
			};
			buildConfigurationList = 3A1054E11E8B104800F2167D /* Build configuration list for PBXProject "music_player" */;
			compatibilityVersion = "Xcode 3.2";
			developmentRegion = English;
			hasScannedForEncodings = 0;
			knownRegions = (
				en,
				Base,
			);
			mainGroup = 3A1054DD1E8B104800F2167D;
			productRefGroup = 3A1054E71E8B104800F2167D /* Products */;
			projectDirPath = "";
			projectRoot = "";
			targets = (
				3A1054E51E8B104800F2167D /* music_player */,
			);
		};
/* End PBXProject section */

/* Begin PBXResourcesBuildPhase section */
		3A1054E41E8B104800F2167D /* Resources */ = {
			isa = PBXResourcesBuildPhase;
			buildActionMask = 2147483647;
			files = (
				3A1054F41E8B104800F2167D /* LaunchScreen.storyboard in Resources */,
				3A1054F11E8B104800F2167D /* Assets.xcassets in Resources */,
				3A1054EF1E8B104800F2167D /* Main.storyboard in Resources */,
			);
			runOnlyForDeploymentPostprocessing = 0;
		};
/* End PBXResourcesBuildPhase section */

/* Begin PBXSourcesBuildPhase section */
		3A1054E21E8B104800F2167D /* Sources */ = {
			isa = PBXSourcesBuildPhase;
			buildActionMask = 2147483647;
			files = (
				3ACC3BF01E8B3ABC0044CD7B /* AudioController.swift in Sources */,
				3A1054EC1E8B104800F2167D /* MusicViewController.swift in Sources */,
				3A1055021E8B223F00F2167D /* Spotify.swift in Sources */,
				3A1054EA1E8B104800F2167D /* AppDelegate.swift in Sources */,
				3A1055041E8B229D00F2167D /* Model.swift in Sources */,
			);
			runOnlyForDeploymentPostprocessing = 0;
		};
/* End PBXSourcesBuildPhase section */

/* Begin PBXVariantGroup section */
		3A1054ED1E8B104800F2167D /* Main.storyboard */ = {
			isa = PBXVariantGroup;
			children = (
				3A1054EE1E8B104800F2167D /* Base */,
			);
			name = Main.storyboard;
			sourceTree = "<group>";
		};
		3A1054F21E8B104800F2167D /* LaunchScreen.storyboard */ = {
			isa = PBXVariantGroup;
			children = (
				3A1054F31E8B104800F2167D /* Base */,
			);
			name = LaunchScreen.storyboard;
			sourceTree = "<group>";
		};
/* End PBXVariantGroup section */

/* Begin XCBuildConfiguration section */
		3A1054F61E8B104800F2167D /* Debug */ = {
			isa = XCBuildConfiguration;
			buildSettings = {
				ALWAYS_SEARCH_USER_PATHS = NO;
				CLANG_ANALYZER_NONNULL = YES;
				CLANG_CXX_LANGUAGE_STANDARD = "gnu++0x";
				CLANG_CXX_LIBRARY = "libc++";
				CLANG_ENABLE_MODULES = YES;
				CLANG_ENABLE_OBJC_ARC = YES;
				CLANG_WARN_BOOL_CONVERSION = YES;
				CLANG_WARN_CONSTANT_CONVERSION = YES;
				CLANG_WARN_DIRECT_OBJC_ISA_USAGE = YES_ERROR;
				CLANG_WARN_DOCUMENTATION_COMMENTS = YES;
				CLANG_WARN_EMPTY_BODY = YES;
				CLANG_WARN_ENUM_CONVERSION = YES;
				CLANG_WARN_INFINITE_RECURSION = YES;
				CLANG_WARN_INT_CONVERSION = YES;
				CLANG_WARN_OBJC_ROOT_CLASS = YES_ERROR;
				CLANG_WARN_SUSPICIOUS_MOVE = YES;
				CLANG_WARN_UNREACHABLE_CODE = YES;
				CLANG_WARN__DUPLICATE_METHOD_MATCH = YES;
				"CODE_SIGN_IDENTITY[sdk=iphoneos*]" = "iPhone Developer";
				COPY_PHASE_STRIP = NO;
				DEBUG_INFORMATION_FORMAT = dwarf;
				ENABLE_STRICT_OBJC_MSGSEND = YES;
				ENABLE_TESTABILITY = YES;
				GCC_C_LANGUAGE_STANDARD = gnu99;
				GCC_DYNAMIC_NO_PIC = NO;
				GCC_NO_COMMON_BLOCKS = YES;
				GCC_OPTIMIZATION_LEVEL = 0;
				GCC_PREPROCESSOR_DEFINITIONS = (
					"DEBUG=1",
					"$(inherited)",
				);
				GCC_WARN_64_TO_32_BIT_CONVERSION = YES;
				GCC_WARN_ABOUT_RETURN_TYPE = YES_ERROR;
				GCC_WARN_UNDECLARED_SELECTOR = YES;
				GCC_WARN_UNINITIALIZED_AUTOS = YES_AGGRESSIVE;
				GCC_WARN_UNUSED_FUNCTION = YES;
				GCC_WARN_UNUSED_VARIABLE = YES;
				IPHONEOS_DEPLOYMENT_TARGET = 10.2;
				MTL_ENABLE_DEBUG_INFO = YES;
				ONLY_ACTIVE_ARCH = YES;
				SDKROOT = iphoneos;
				SWIFT_ACTIVE_COMPILATION_CONDITIONS = DEBUG;
				SWIFT_OPTIMIZATION_LEVEL = "-Onone";
				TARGETED_DEVICE_FAMILY = "1,2";
			};
			name = Debug;
		};
		3A1054F71E8B104800F2167D /* Release */ = {
			isa = XCBuildConfiguration;
			buildSettings = {
				ALWAYS_SEARCH_USER_PATHS = NO;
				CLANG_ANALYZER_NONNULL = YES;
				CLANG_CXX_LANGUAGE_STANDARD = "gnu++0x";
				CLANG_CXX_LIBRARY = "libc++";
				CLANG_ENABLE_MODULES = YES;
				CLANG_ENABLE_OBJC_ARC = YES;
				CLANG_WARN_BOOL_CONVERSION = YES;
				CLANG_WARN_CONSTANT_CONVERSION = YES;
				CLANG_WARN_DIRECT_OBJC_ISA_USAGE = YES_ERROR;
				CLANG_WARN_DOCUMENTATION_COMMENTS = YES;
				CLANG_WARN_EMPTY_BODY = YES;
				CLANG_WARN_ENUM_CONVERSION = YES;
				CLANG_WARN_INFINITE_RECURSION = YES;
				CLANG_WARN_INT_CONVERSION = YES;
				CLANG_WARN_OBJC_ROOT_CLASS = YES_ERROR;
				CLANG_WARN_SUSPICIOUS_MOVE = YES;
				CLANG_WARN_UNREACHABLE_CODE = YES;
				CLANG_WARN__DUPLICATE_METHOD_MATCH = YES;
				"CODE_SIGN_IDENTITY[sdk=iphoneos*]" = "iPhone Developer";
				COPY_PHASE_STRIP = NO;
				DEBUG_INFORMATION_FORMAT = "dwarf-with-dsym";
				ENABLE_NS_ASSERTIONS = NO;
				ENABLE_STRICT_OBJC_MSGSEND = YES;
				GCC_C_LANGUAGE_STANDARD = gnu99;
				GCC_NO_COMMON_BLOCKS = YES;
				GCC_WARN_64_TO_32_BIT_CONVERSION = YES;
				GCC_WARN_ABOUT_RETURN_TYPE = YES_ERROR;
				GCC_WARN_UNDECLARED_SELECTOR = YES;
				GCC_WARN_UNINITIALIZED_AUTOS = YES_AGGRESSIVE;
				GCC_WARN_UNUSED_FUNCTION = YES;
				GCC_WARN_UNUSED_VARIABLE = YES;
				IPHONEOS_DEPLOYMENT_TARGET = 10.2;
				MTL_ENABLE_DEBUG_INFO = NO;
				SDKROOT = iphoneos;
				SWIFT_OPTIMIZATION_LEVEL = "-Owholemodule";
				TARGETED_DEVICE_FAMILY = "1,2";
				VALIDATE_PRODUCT = YES;
			};
			name = Release;
		};
		3A1054F91E8B104800F2167D /* Debug */ = {
			isa = XCBuildConfiguration;
			buildSettings = {
				ASSETCATALOG_COMPILER_APPICON_NAME = AppIcon;
				INFOPLIST_FILE = music_player/Info.plist;
				LD_RUNPATH_SEARCH_PATHS = "$(inherited) @executable_path/Frameworks";
				PRODUCT_BUNDLE_IDENTIFIER = "yulz.music-player";
				PRODUCT_NAME = "$(TARGET_NAME)";
				SWIFT_VERSION = 3.0;
			};
			name = Debug;
		};
		3A1054FA1E8B104800F2167D /* Release */ = {
			isa = XCBuildConfiguration;
			buildSettings = {
				ASSETCATALOG_COMPILER_APPICON_NAME = AppIcon;
				INFOPLIST_FILE = music_player/Info.plist;
				LD_RUNPATH_SEARCH_PATHS = "$(inherited) @executable_path/Frameworks";
				PRODUCT_BUNDLE_IDENTIFIER = "yulz.music-player";
				PRODUCT_NAME = "$(TARGET_NAME)";
				SWIFT_VERSION = 3.0;
			};
			name = Release;
		};
/* End XCBuildConfiguration section */

/* Begin XCConfigurationList section */
		3A1054E11E8B104800F2167D /* Build configuration list for PBXProject "music_player" */ = {
			isa = XCConfigurationList;
			buildConfigurations = (
				3A1054F61E8B104800F2167D /* Debug */,
				3A1054F71E8B104800F2167D /* Release */,
			);
			defaultConfigurationIsVisible = 0;
			defaultConfigurationName = Release;
		};
		3A1054F81E8B104800F2167D /* Build configuration list for PBXNativeTarget "music_player" */ = {
			isa = XCConfigurationList;
			buildConfigurations = (
				3A1054F91E8B104800F2167D /* Debug */,
				3A1054FA1E8B104800F2167D /* Release */,
			);
			defaultConfigurationIsVisible = 0;
			defaultConfigurationName = Release;
		};
/* End XCConfigurationList section */
	};
	rootObject = 3A1054DE1E8B104800F2167D /* Project object */;
}
